
Microsoft Visual Studio Solution File, Format Version 12.00
# Visual Studio 15
VisualStudioVersion = 15.0.28307.779
MinimumVisualStudioVersion = 10.0.40219.1
Project("{E24C65DC-7377-472B-9ABA-BC803B73C61A}") = "DoBem", "DoBem\", "{06ED8733-D291-4CA9-B404-07E5E37208BE}"
	ProjectSection(WebsiteProperties) = preProject
		TargetFrameworkMoniker = ".NETFramework,Version%3Dv4.6.1"
		Debug.AspNetCompiler.VirtualPath = "/localhost_62124"
		Debug.AspNetCompiler.PhysicalPath = "DoBem\"
		Debug.AspNetCompiler.TargetPath = "PrecompiledWeb\localhost_62124\"
		Debug.AspNetCompiler.Updateable = "true"
		Debug.AspNetCompiler.ForceOverwrite = "true"
		Debug.AspNetCompiler.FixedNames = "false"
		Debug.AspNetCompiler.Debug = "True"
		Release.AspNetCompiler.VirtualPath = "/localhost_62124"
		Release.AspNetCompiler.PhysicalPath = "DoBem\"
		Release.AspNetCompiler.TargetPath = "PrecompiledWeb\localhost_62124\"
		Release.AspNetCompiler.Updateable = "true"
		Release.AspNetCompiler.ForceOverwrite = "true"
		Release.AspNetCompiler.FixedNames = "false"
		Release.AspNetCompiler.Debug = "False"
		VWDPort = "62124"
		SlnRelativePath = "DoBem\"
		DefaultWebSiteLanguage = "Visual C#"
	EndProjectSection
EndProject
Global
	GlobalSection(SolutionConfigurationPlatforms) = preSolution
		Debug|Any CPU = Debug|Any CPU
	EndGlobalSection
	GlobalSection(ProjectConfigurationPlatforms) = postSolution
		{06ED8733-D291-4CA9-B404-07E5E37208BE}.Debug|Any CPU.ActiveCfg = Debug|Any CPU
		{06ED8733-D291-4CA9-B404-07E5E37208BE}.Debug|Any CPU.Build.0 = Debug|Any CPU
	EndGlobalSection
	GlobalSection(SolutionProperties) = preSolution
		HideSolutionNode = FALSE
	EndGlobalSection
	GlobalSection(ExtensibilityGlobals) = postSolution
		SolutionGuid = {838355ED-5B31-41C8-9A18-9E642A6A816B}
	EndGlobalSection
EndGlobal
